
Microsoft Visual Studio Solution File, Format Version 12.00
# Visual Studio Version 17
VisualStudioVersion = 17.3.32929.385
MinimumVisualStudioVersion = 10.0.40219.1
Project("{FAE04EC0-301F-11D3-BF4B-00C04F79EFBC}") = "RevitAPITrainingPipeOverlength", "RevitAPITrainingPipeOverlength\RevitAPITrainingPipeOverlength.csproj", "{9790C82C-77CF-4EBF-8825-C7998BEBCA62}"
EndProject
Global
	GlobalSection(SolutionConfigurationPlatforms) = preSolution
		Debug|Any CPU = Debug|Any CPU
		Release|Any CPU = Release|Any CPU
	EndGlobalSection
	GlobalSection(ProjectConfigurationPlatforms) = postSolution
		{9790C82C-77CF-4EBF-8825-C7998BEBCA62}.Debug|Any CPU.ActiveCfg = Debug|Any CPU
		{9790C82C-77CF-4EBF-8825-C7998BEBCA62}.Debug|Any CPU.Build.0 = Debug|Any CPU
		{9790C82C-77CF-4EBF-8825-C7998BEBCA62}.Release|Any CPU.ActiveCfg = Release|Any CPU
		{9790C82C-77CF-4EBF-8825-C7998BEBCA62}.Release|Any CPU.Build.0 = Release|Any CPU
	EndGlobalSection
	GlobalSection(SolutionProperties) = preSolution
		HideSolutionNode = FALSE
	EndGlobalSection
	GlobalSection(ExtensibilityGlobals) = postSolution
		SolutionGuid = {488DE4FF-B230-4E90-89DA-B16E436C49F8}
	EndGlobalSection
EndGlobal
